# This file is generated by running "yarn install" inside your project.
# Manual changes might be lost - proceed with caution!

__metadata:
  version: 5
  cacheKey: 8

"@babel/runtime@npm:^7.6.3, @babel/runtime@npm:^7.9.2":
  version: 7.16.0
  resolution: "@babel/runtime@npm:7.16.0"
  dependencies:
    regenerator-runtime: ^0.13.4
  checksum: bfbca3ec52c94de262a3932473bceeead1a088b50194108fa1ff6eda447333f0f7d43fa4e9c5937c6e5d45bf838da8480905d0a227589b257c51f954ea060bac
  languageName: node
  linkType: hard

"@redux-saga/core@npm:^1.1.3":
  version: 1.1.3
  resolution: "@redux-saga/core@npm:1.1.3"
  dependencies:
    "@babel/runtime": ^7.6.3
    "@redux-saga/deferred": ^1.1.2
    "@redux-saga/delay-p": ^1.1.2
    "@redux-saga/is": ^1.1.2
    "@redux-saga/symbols": ^1.1.2
    "@redux-saga/types": ^1.1.0
    redux: ^4.0.4
    typescript-tuple: ^2.2.1
  checksum: b90c90fcba498442631fe5913be665b6cf4efa58d9e37223fa1d4837b7bd85e1be64e156489f5824b28d91e3fa946192020216d762a5c16e4f75d802517c3cb6
  languageName: node
  linkType: hard

"@redux-saga/deferred@npm:^1.1.2":
  version: 1.1.2
  resolution: "@redux-saga/deferred@npm:1.1.2"
  checksum: 98bc41ca1cbc716b8b4d5ad3ffb2f04c7fc7298e75736cb197f1d18a084bca8a6e86c0fa547341db200695a45b15110e01d418a9ef32dc5f5ed6274b0e4f234a
  languageName: node
  linkType: hard

"@redux-saga/delay-p@npm:^1.1.2":
  version: 1.1.2
  resolution: "@redux-saga/delay-p@npm:1.1.2"
  dependencies:
    "@redux-saga/symbols": ^1.1.2
  checksum: 0fda0b8ce947069deb9e35824dedb2393e956174e909e2c17942c6fa519d26f79847fd295832245e80a44c9c352a7154c45ff3389ed998a6ddaee945be68580f
  languageName: node
  linkType: hard

"@redux-saga/is@npm:^1.1.2":
  version: 1.1.2
  resolution: "@redux-saga/is@npm:1.1.2"
  dependencies:
    "@redux-saga/symbols": ^1.1.2
    "@redux-saga/types": ^1.1.0
  checksum: 18ff4ceb98cd57d00692841a2abb1a13d070561bb8290dd2785b65f792a55641553077231e4986c15b151c115ab5829f7346940c11dc99786dfabcaa293b021b
  languageName: node
  linkType: hard

"@redux-saga/symbols@npm:^1.1.2":
  version: 1.1.2
  resolution: "@redux-saga/symbols@npm:1.1.2"
  checksum: b75b6979a94ebc9b4db76eef84e05427e2134ca5cc0711592fab2aca621725c561213a900a75068f83b97ef85038688c36e088a07fedd8c076bf8ecfa9899044
  languageName: node
  linkType: hard

"@redux-saga/types@npm:^1.1.0":
  version: 1.1.0
  resolution: "@redux-saga/types@npm:1.1.0"
  checksum: e75a6ddc896007e76bd505dee1b3f8401464036ce9db2f4c4ac469215437d61013c17a54b9c342574bac27f2cb6ae628fe24419d17d9f85cb922181d81ec2321
  languageName: node
  linkType: hard

"bad-duck-tests@workspace:.":
  version: 0.0.0-use.local
  resolution: "bad-duck-tests@workspace:."
  dependencies:
    "@redux-saga/is": ^1.1.2
    "@redux-saga/symbols": ^1.1.2
    redux: ^4.1.2
    redux-saga: ^1.1.3
    redux-saga-test-plan: ^4.0.3
  languageName: unknown
  linkType: soft

"core-js@npm:^2.4.1":
  version: 2.6.12
  resolution: "core-js@npm:2.6.12"
  checksum: 44fa9934a85f8c78d61e0c8b7b22436330471ffe59ec5076fe7f324d6e8cf7f824b14b1c81ca73608b13bdb0fef035bd820989bf059767ad6fa13123bb8bd016
  languageName: node
  linkType: hard

"fsm-iterator@npm:^1.1.0":
  version: 1.1.0
  resolution: "fsm-iterator@npm:1.1.0"
  checksum: ca35f89a6607df2542711faac62b4b9fdd1c90887bd7fbb0ed106d0d658a92376e996bdfc6db605665e25a63c510e5ea5986d054e3836becf95696ee928b0f6b
  languageName: node
  linkType: hard

"lodash.isequal@npm:^4.5.0":
  version: 4.5.0
  resolution: "lodash.isequal@npm:4.5.0"
  checksum: da27515dc5230eb1140ba65ff8de3613649620e8656b19a6270afe4866b7bd461d9ba2ac8a48dcc57f7adac4ee80e1de9f965d89d4d81a0ad52bb3eec2609644
  languageName: node
  linkType: hard

"lodash.ismatch@npm:^4.4.0":
  version: 4.4.0
  resolution: "lodash.ismatch@npm:4.4.0"
  checksum: a393917578842705c7fc1a30fb80613d1ac42d20b67eb26a2a6004d6d61ee90b419f9eb320508ddcd608e328d91eeaa2651411727eaa9a12534ed6ccb02fc705
  languageName: node
  linkType: hard

"object-assign@npm:^4.1.0":
  version: 4.1.1
  resolution: "object-assign@npm:4.1.1"
  checksum: fcc6e4ea8c7fe48abfbb552578b1c53e0d194086e2e6bbbf59e0a536381a292f39943c6e9628af05b5528aa5e3318bb30d6b2e53cadaf5b8fe9e12c4b69af23f
  languageName: node
  linkType: hard

"redux-saga-test-plan@npm:^4.0.3":
  version: 4.0.3
  resolution: "redux-saga-test-plan@npm:4.0.3"
  dependencies:
    core-js: ^2.4.1
    fsm-iterator: ^1.1.0
    lodash.isequal: ^4.5.0
    lodash.ismatch: ^4.4.0
    object-assign: ^4.1.0
  peerDependencies:
    "@redux-saga/is": ^1.0.1
    "@redux-saga/symbols": ^1.0.1
    redux-saga: ^1.0.1
  checksum: 5c346652d27b0a8ab75b6680d63d0127a99ea932c526b5d8e9e08f7e2d642c820c979e01a64f73907af21e02fc7ca605e67828332b52118fbea6df7177561aff
  languageName: node
  linkType: hard

"redux-saga@npm:^1.1.3":
  version: 1.1.3
  resolution: "redux-saga@npm:1.1.3"
  dependencies:
    "@redux-saga/core": ^1.1.3
  checksum: 4ea0bf0d4fac4a9101f2fd0798f7c93ed6646781e40dc9082ff1d4d3a9ae24ef2cadf1e3f62d27e5dcf100e2c8febf833bafd1d7033167afcb198013d0136b4a
  languageName: node
  linkType: hard

"redux@npm:^4.0.4, redux@npm:^4.1.2":
  version: 4.1.2
  resolution: "redux@npm:4.1.2"
  dependencies:
    "@babel/runtime": ^7.9.2
  checksum: 6a839cee5bd580c5298d968e9e2302150e961318253819bcd97f9d945a5a409559eacddf6026f4118bb68b681c593d90e8a2c5bbf278f014aff9bf0d2d8fa084
  languageName: node
  linkType: hard

"regenerator-runtime@npm:^0.13.4":
  version: 0.13.9
  resolution: "regenerator-runtime@npm:0.13.9"
  checksum: 65ed455fe5afd799e2897baf691ca21c2772e1a969d19bb0c4695757c2d96249eb74ee3553ea34a91062b2a676beedf630b4c1551cc6299afb937be1426ec55e
  languageName: node
  linkType: hard

"typescript-compare@npm:^0.0.2":
  version: 0.0.2
  resolution: "typescript-compare@npm:0.0.2"
  dependencies:
    typescript-logic: ^0.0.0
  checksum: d6c43213e7689f8519438b6deceb9877cdc83b4f64677bbc07e6d88d8b63bee713035731678facfd3f81b019b93131a876a230194b4f8d31737bfc5af71594d2
  languageName: node
  linkType: hard

"typescript-logic@npm:^0.0.0":
  version: 0.0.0
  resolution: "typescript-logic@npm:0.0.0"
  checksum: 84506bd58b7e15455b3233ded7f43f2ff8667500dca94f8e96e61aa16fa5a78bd9c45455f27c49f0e4aee7322c3e5a4b270e68bf8ba29fdf1571256fe2607152
  languageName: node
  linkType: hard

"typescript-tuple@npm:^2.2.1":
  version: 2.2.1
  resolution: "typescript-tuple@npm:2.2.1"
  dependencies:
    typescript-compare: ^0.0.2
  checksum: 7f9620d6b5c895b2b2a61817b27c6fb32c23fd3f47fef6aef202f387b7d82f2d49a2bab96f9a25b512b8718a70d38a2898a0dfdca623136f7aa9a5b17331da71
  languageName: node
  linkType: hard
